
Microsoft Visual Studio Solution File, Format Version 12.00
# Visual Studio 15
VisualStudioVersion = 15.0.28307.136
MinimumVisualStudioVersion = 10.0.40219.1
Project("{FAE04EC0-301F-11D3-BF4B-00C04F79EFBC}") = "dotnetcoreApp", "dotnetcoreApp\dotnetcoreApp.csproj", "{4DD13639-DA29-4061-BE26-32A3D528D102}"
EndProject
Global
	GlobalSection(SolutionConfigurationPlatforms) = preSolution
		Debug|Any CPU = Debug|Any CPU
		Release|Any CPU = Release|Any CPU
	EndGlobalSection
	GlobalSection(ProjectConfigurationPlatforms) = postSolution
		{4DD13639-DA29-4061-BE26-32A3D528D102}.Debug|Any CPU.ActiveCfg = Debug|Any CPU
		{4DD13639-DA29-4061-BE26-32A3D528D102}.Debug|Any CPU.Build.0 = Debug|Any CPU
		{4DD13639-DA29-4061-BE26-32A3D528D102}.Release|Any CPU.ActiveCfg = Release|Any CPU
		{4DD13639-DA29-4061-BE26-32A3D528D102}.Release|Any CPU.Build.0 = Release|Any CPU
	EndGlobalSection
	GlobalSection(SolutionProperties) = preSolution
		HideSolutionNode = FALSE
	EndGlobalSection
	GlobalSection(ExtensibilityGlobals) = postSolution
		SolutionGuid = {B252B930-53B8-47E4-BFBE-C5DAF9D8FD25}
	EndGlobalSection
EndGlobal
